<?xml version="1.0" encoding="utf-8"?>
<Project ToolsVersion="4.0" xmlns="http://schemas.microsoft.com/developer/msbuild/2003">
  <ItemGroup>
    <Filter Include="Data">
      <UniqueIdentifier>{b296c5f8-b5af-4507-8b8a-308ce94c4155}</UniqueIdentifier>
    </Filter>
    <Filter Include="Data\Shaders">
      <UniqueIdentifier>{e417bd36-57ae-407b-8592-1354a52aa868}</UniqueIdentifier>
    </Filter>
    <Filter Include="Data\Definitions">
      <UniqueIdentifier>{b75798d4-9894-438b-8426-f3e9aa96ff8e}</UniqueIdentifier>
    </Filter>
    <Filter Include="Game">
      <UniqueIdentifier>{048fc76c-bff9-4b7c-bc1f-2246d0e8a3b2}</UniqueIdentifier>
    </Filter>
    <Filter Include="Application">
      <UniqueIdentifier>{c46cd530-e81d-4767-aa81-03f96d3fb300}</UniqueIdentifier>
    </Filter>
    <Filter Include="Definitions">
      <UniqueIdentifier>{e033b5a0-d404-4e7a-a10e-8e2aca91f2ef}</UniqueIdentifier>
    </Filter>
    <Filter Include="Primitive">
      <UniqueIdentifier>{9638702a-5769-4636-b69c-730fc524d407}</UniqueIdentifier>
    </Filter>
    <Filter Include="Game\Abilities">
      <UniqueIdentifier>{9f17b42f-7cb9-40ab-9325-86916471f68a}</UniqueIdentifier>
    </Filter>
    <Filter Include="UI">
      <UniqueIdentifier>{99e68223-1981-4939-af98-f58e65dd88c3}</UniqueIdentifier>
    </Filter>
    <Filter Include="Game\Cues">
      <UniqueIdentifier>{bc7889e0-46d5-482f-8226-163c3f7d7c00}</UniqueIdentifier>
    </Filter>
  </ItemGroup>
  <ItemGroup>
    <ClCompile Include="Game.cpp">
      <Filter>Game</Filter>
    </ClCompile>
    <ClCompile Include="Primitive.cpp">
      <Filter>Primitive</Filter>
    </ClCompile>
    <ClCompile Include="Main_Windows.cpp">
      <Filter>Application</Filter>
    </ClCompile>
    <ClCompile Include="App.cpp">
      <Filter>Application</Filter>
    </ClCompile>
    <ClCompile Include="GameCommon.cpp">
      <Filter>Application</Filter>
    </ClCompile>
    <ClCompile Include="Cube.cpp">
      <Filter>Primitive</Filter>
    </ClCompile>
    <ClCompile Include="Character.cpp">
      <Filter>Game</Filter>
    </ClCompile>
    <ClCompile Include="Weapon.cpp">
      <Filter>Game</Filter>
    </ClCompile>
    <ClCompile Include="PlayerController.cpp">
      <Filter>Game</Filter>
    </ClCompile>
    <ClCompile Include="MeleeAttackAbility.cpp">
      <Filter>Game\Abilities</Filter>
    </ClCompile>
    <ClCompile Include="AbilitySlot.cpp">
      <Filter>UI</Filter>
    </ClCompile>
    <ClCompile Include="InstantAbility.cpp">
      <Filter>Game\Abilities</Filter>
    </ClCompile>
    <ClCompile Include="Controller.cpp">
      <Filter>Game</Filter>
    </ClCompile>
    <ClCompile Include="HealthOrb.cpp">
      <Filter>UI</Filter>
    </ClCompile>
    <ClCompile Include="GameplayCue_HitImpact.cpp">
      <Filter>Game\Cues</Filter>
    </ClCompile>
    <ClCompile Include="HitReactAbility.cpp">
      <Filter>Game\Abilities</Filter>
    </ClCompile>
    <ClCompile Include="Hotbar.cpp">
      <Filter>UI</Filter>
    </ClCompile>
    <ClCompile Include="ManaOrb.cpp">
      <Filter>UI</Filter>
    </ClCompile>
    <ClCompile Include="Prop.cpp">
      <Filter>Game</Filter>
    </ClCompile>
    <ClCompile Include="UIWidget.cpp">
      <Filter>UI</Filter>
    </ClCompile>
    <ClCompile Include="AIController.cpp">
      <Filter>Game</Filter>
    </ClCompile>
    <ClCompile Include="CharacterDefinition.cpp">
      <Filter>Definitions</Filter>
    </ClCompile>
    <ClCompile Include="SkeletalMeshDefinition.cpp">
      <Filter>Definitions</Filter>
    </ClCompile>
    <ClCompile Include="StaticMeshDefinition.cpp">
      <Filter>Definitions</Filter>
    </ClCompile>
    <ClCompile Include="SpawnDefinition.cpp">
      <Filter>Definitions</Filter>
    </ClCompile>
    <ClCompile Include="AreaAbility.cpp">
      <Filter>Game\Abilities</Filter>
    </ClCompile>
    <ClCompile Include="ProjectileAbility.cpp">
      <Filter>Game\Abilities</Filter>
    </ClCompile>
    <ClCompile Include="BuffAbility.cpp">
      <Filter>Game\Abilities</Filter>
    </ClCompile>
    <ClCompile Include="WeaponDefinition.cpp" />
  </ItemGroup>
  <ItemGroup>
    <ClInclude Include="Game.hpp">
      <Filter>Game</Filter>
    </ClInclude>
    <ClInclude Include="Primitive.hpp">
      <Filter>Primitive</Filter>
    </ClInclude>
    <ClInclude Include="App.hpp">
      <Filter>Application</Filter>
    </ClInclude>
    <ClInclude Include="GameCommon.hpp">
      <Filter>Application</Filter>
    </ClInclude>
    <ClInclude Include="EngineBuildPreferences.hpp">
      <Filter>Application</Filter>
    </ClInclude>
    <ClInclude Include="Cube.hpp">
      <Filter>Primitive</Filter>
    </ClInclude>
    <ClInclude Include="Character.hpp">
      <Filter>Game</Filter>
    </ClInclude>
    <ClInclude Include="Weapon.hpp">
      <Filter>Game</Filter>
    </ClInclude>
    <ClInclude Include="PlayerController.hpp">
      <Filter>Game</Filter>
    </ClInclude>
    <ClInclude Include="MeleeAttackAbility.hpp">
      <Filter>Game\Abilities</Filter>
    </ClInclude>
    <ClInclude Include="AbilitySlot.hpp">
      <Filter>UI</Filter>
    </ClInclude>
    <ClInclude Include="InstantAbility.hpp">
      <Filter>Game\Abilities</Filter>
    </ClInclude>
    <ClInclude Include="Controller.hpp">
      <Filter>Game</Filter>
    </ClInclude>
    <ClInclude Include="HealthOrb.hpp">
      <Filter>UI</Filter>
    </ClInclude>
    <ClInclude Include="GameplayCue_HitImpact.hpp">
      <Filter>Game\Cues</Filter>
    </ClInclude>
    <ClInclude Include="HitReactAbility.hpp">
      <Filter>Game\Abilities</Filter>
    </ClInclude>
    <ClInclude Include="Hotbar.hpp">
      <Filter>UI</Filter>
    </ClInclude>
    <ClInclude Include="ManaOrb.hpp">
      <Filter>UI</Filter>
    </ClInclude>
    <ClInclude Include="Prop.hpp">
      <Filter>Game</Filter>
    </ClInclude>
    <ClInclude Include="UIWidget.hpp">
      <Filter>UI</Filter>
    </ClInclude>
    <ClInclude Include="AIController.hpp">
      <Filter>Game</Filter>
    </ClInclude>
    <ClInclude Include="CharacterDefinition.hpp">
      <Filter>Definitions</Filter>
    </ClInclude>
    <ClInclude Include="SkeletalMeshDefinition.hpp">
      <Filter>Definitions</Filter>
    </ClInclude>
    <ClInclude Include="StaticMeshDefinition.hpp">
      <Filter>Definitions</Filter>
    </ClInclude>
    <ClInclude Include="SpawnDefinition.hpp">
      <Filter>Definitions</Filter>
    </ClInclude>
    <ClInclude Include="AreaAbility.hpp">
      <Filter>Game\Abilities</Filter>
    </ClInclude>
    <ClInclude Include="ProjectileAbility.hpp">
      <Filter>Game\Abilities</Filter>
    </ClInclude>
    <ClInclude Include="BuffAbility.hpp">
      <Filter>Game\Abilities</Filter>
    </ClInclude>
    <ClInclude Include="WeaponDefinition.hpp" />
  </ItemGroup>
  <ItemGroup>
    <Text Include="..\..\ReadMe.txt" />
  </ItemGroup>
  <ItemGroup>
    <Xml Include="..\..\Run\Data\GameConfig.xml">
      <Filter>Data</Filter>
    </Xml>
    <Xml Include="..\..\Run\Data\Definitions\AnimationSetDefinitions.xml">
      <Filter>Data\Definitions</Filter>
    </Xml>
    <Xml Include="..\..\Run\Data\Definitions\AbilitySystemComponentDefinitions.xml">
      <Filter>Data\Definitions</Filter>
    </Xml>
    <Xml Include="..\..\Run\Data\Definitions\GameplayEffectDefinitions.xml">
      <Filter>Data\Definitions</Filter>
    </Xml>
    <Xml Include="..\..\Run\Data\Definitions\GameplayAbilityDefinitions.xml">
      <Filter>Data\Definitions</Filter>
    </Xml>
    <Xml Include="..\..\Run\Data\Definitions\StaticMeshDefinitions.xml">
      <Filter>Data\Definitions</Filter>
    </Xml>
    <Xml Include="..\..\Run\Data\Definitions\AnimationGraphDefinition.xml">
      <Filter>Data\Definitions</Filter>
    </Xml>
    <Xml Include="..\..\Run\Data\Definitions\CharacterDefinitions.xml">
      <Filter>Data\Definitions</Filter>
    </Xml>
    <Xml Include="..\..\Run\Data\Definitions\SkeletalMeshDefinitions.xml">
      <Filter>Data\Definitions</Filter>
    </Xml>
    <Xml Include="..\..\Run\Data\Definitions\SpawnDefinitions.xml">
      <Filter>Data\Definitions</Filter>
    </Xml>
    <Xml Include="..\..\Run\Data\Definitions\WeaponDefinitions.xml">
      <Filter>Data\Definitions</Filter>
    </Xml>
  </ItemGroup>
  <ItemGroup>
    <None Include="..\..\Run\Data\Shaders\BRDFIntegration.hlsl">
      <Filter>Data\Shaders</Filter>
    </None>
    <None Include="..\..\Run\Data\Shaders\Default.hlsl">
      <Filter>Data\Shaders</Filter>
    </None>
    <None Include="..\..\Run\Data\Shaders\EquirectangularToCubemap.hlsl">
      <Filter>Data\Shaders</Filter>
    </None>
    <None Include="..\..\Run\Data\Shaders\IrradianceConvolution.hlsl">
      <Filter>Data\Shaders</Filter>
    </None>
    <None Include="..\..\Run\Data\Shaders\PrefilterEnvironment.hlsl">
      <Filter>Data\Shaders</Filter>
    </None>
    <None Include="..\..\Run\Data\Shaders\ShadowMap.hlsl">
      <Filter>Data\Shaders</Filter>
    </None>
    <None Include="..\..\Run\Data\Shaders\Skybox.hlsl">
      <Filter>Data\Shaders</Filter>
    </None>
    <None Include="..\..\Run\Data\Shaders\ToneMapping.hlsl">
      <Filter>Data\Shaders</Filter>
    </None>
    <None Include="..\..\Run\Data\Shaders\PBRLitStatic.hlsl">
      <Filter>Data\Shaders</Filter>
    </None>
    <None Include="..\..\Run\Data\Shaders\PBRLitSkinned.hlsl">
      <Filter>Data\Shaders</Filter>
    </None>
    <None Include="..\..\Run\Data\Shaders\ShadowMapSkinned.hlsl">
      <Filter>Data\Shaders</Filter>
    </None>
    <None Include="..\..\Run\Data\Shaders\VFXAdditive.hlsl">
      <Filter>Data\Shaders</Filter>
    </None>
  </ItemGroup>
</Project>