<?xml version="1.0" encoding="utf-8"?>
<Project ToolsVersion="4.0" xmlns="http://schemas.microsoft.com/developer/msbuild/2003">
  <ItemGroup>
    <Filter Include="Data">
      <UniqueIdentifier>{b296c5f8-b5af-4507-8b8a-308ce94c4155}</UniqueIdentifier>
    </Filter>
    <Filter Include="Data\Shaders">
      <UniqueIdentifier>{e417bd36-57ae-407b-8592-1354a52aa868}</UniqueIdentifier>
    </Filter>
    <Filter Include="Data\Definitions">
      <UniqueIdentifier>{b75798d4-9894-438b-8426-f3e9aa96ff8e}</UniqueIdentifier>
    </Filter>
    <Filter Include="Game">
      <UniqueIdentifier>{048fc76c-bff9-4b7c-bc1f-2246d0e8a3b2}</UniqueIdentifier>
    </Filter>
    <Filter Include="Application">
      <UniqueIdentifier>{c46cd530-e81d-4767-aa81-03f96d3fb300}</UniqueIdentifier>
    </Filter>
    <Filter Include="Definitions">
      <UniqueIdentifier>{e033b5a0-d404-4e7a-a10e-8e2aca91f2ef}</UniqueIdentifier>
    </Filter>
    <Filter Include="Primitive">
      <UniqueIdentifier>{9638702a-5769-4636-b69c-730fc524d407}</UniqueIdentifier>
    </Filter>
    <Filter Include="Game\CharacterAnimationController">
      <UniqueIdentifier>{99594536-0f51-4cb1-8e83-c5cd75ceccda}</UniqueIdentifier>
    </Filter>
    <Filter Include="Game\Weapon">
      <UniqueIdentifier>{128dc614-3535-494b-93f3-4043120831ad}</UniqueIdentifier>
    </Filter>
    <Filter Include="Game\Abilities">
      <UniqueIdentifier>{9f17b42f-7cb9-40ab-9325-86916471f68a}</UniqueIdentifier>
    </Filter>
    <Filter Include="Game\Abilities\MeleeAttackAbility">
      <UniqueIdentifier>{9088e189-5c87-4948-9967-1314a0efa3de}</UniqueIdentifier>
    </Filter>
    <Filter Include="Game\PlayerController">
      <UniqueIdentifier>{55c06e2d-c5ef-43bb-b7df-73e99af48c0d}</UniqueIdentifier>
    </Filter>
  </ItemGroup>
  <ItemGroup>
    <ClCompile Include="Game.cpp">
      <Filter>Game</Filter>
    </ClCompile>
    <ClCompile Include="Primitive.cpp">
      <Filter>Primitive</Filter>
    </ClCompile>
    <ClCompile Include="PropDefinition.cpp">
      <Filter>Definitions</Filter>
    </ClCompile>
    <ClCompile Include="Main_Windows.cpp">
      <Filter>Application</Filter>
    </ClCompile>
    <ClCompile Include="App.cpp">
      <Filter>Application</Filter>
    </ClCompile>
    <ClCompile Include="GameCommon.cpp">
      <Filter>Application</Filter>
    </ClCompile>
    <ClCompile Include="StaticMeshDefinition.cpp">
      <Filter>Definitions</Filter>
    </ClCompile>
    <ClCompile Include="Cube.cpp">
      <Filter>Primitive</Filter>
    </ClCompile>
    <ClCompile Include="Cylinder.cpp">
      <Filter>Primitive</Filter>
    </ClCompile>
    <ClCompile Include="SkeletalMeshDefinition.cpp">
      <Filter>Definitions</Filter>
    </ClCompile>
    <ClCompile Include="AnimationSetDefinition.cpp">
      <Filter>Definitions</Filter>
    </ClCompile>
    <ClCompile Include="MeleeAttackAbility.cpp">
      <Filter>Game\Abilities\MeleeAttackAbility</Filter>
    </ClCompile>
    <ClCompile Include="CharacterAnimationController.cpp">
      <Filter>Game\CharacterAnimationController</Filter>
    </ClCompile>
    <ClCompile Include="PlayerController.cpp">
      <Filter>Game\PlayerController</Filter>
    </ClCompile>
    <ClCompile Include="Prop.cpp">
      <Filter>Game</Filter>
    </ClCompile>
    <ClCompile Include="Character.cpp">
      <Filter>Game</Filter>
    </ClCompile>
    <ClCompile Include="Weapon.cpp">
      <Filter>Game</Filter>
    </ClCompile>
  </ItemGroup>
  <ItemGroup>
    <ClInclude Include="Game.hpp">
      <Filter>Game</Filter>
    </ClInclude>
    <ClInclude Include="Primitive.hpp">
      <Filter>Primitive</Filter>
    </ClInclude>
    <ClInclude Include="PropDefinition.hpp">
      <Filter>Definitions</Filter>
    </ClInclude>
    <ClInclude Include="App.hpp">
      <Filter>Application</Filter>
    </ClInclude>
    <ClInclude Include="GameCommon.hpp">
      <Filter>Application</Filter>
    </ClInclude>
    <ClInclude Include="EngineBuildPreferences.hpp">
      <Filter>Application</Filter>
    </ClInclude>
    <ClInclude Include="StaticMeshDefinition.hpp">
      <Filter>Definitions</Filter>
    </ClInclude>
    <ClInclude Include="Cube.hpp">
      <Filter>Primitive</Filter>
    </ClInclude>
    <ClInclude Include="Cylinder.hpp">
      <Filter>Primitive</Filter>
    </ClInclude>
    <ClInclude Include="SkeletalMeshDefinition.hpp">
      <Filter>Definitions</Filter>
    </ClInclude>
    <ClInclude Include="AnimationSetDefinition.hpp">
      <Filter>Definitions</Filter>
    </ClInclude>
    <ClInclude Include="MeleeAttackAbility.hpp">
      <Filter>Game\Abilities\MeleeAttackAbility</Filter>
    </ClInclude>
    <ClInclude Include="CharacterAnimationController.hpp">
      <Filter>Game\CharacterAnimationController</Filter>
    </ClInclude>
    <ClInclude Include="PlayerController.hpp">
      <Filter>Game\PlayerController</Filter>
    </ClInclude>
    <ClInclude Include="Prop.hpp">
      <Filter>Game</Filter>
    </ClInclude>
    <ClInclude Include="Character.hpp">
      <Filter>Game</Filter>
    </ClInclude>
    <ClInclude Include="Weapon.hpp">
      <Filter>Game</Filter>
    </ClInclude>
  </ItemGroup>
  <ItemGroup>
    <Text Include="..\..\ReadMe.txt" />
  </ItemGroup>
  <ItemGroup>
    <Xml Include="..\..\Run\Data\Definitions\PropDefinitions.xml">
      <Filter>Data\Definitions</Filter>
    </Xml>
    <Xml Include="..\..\Run\Data\GameConfig.xml">
      <Filter>Data</Filter>
    </Xml>
    <Xml Include="..\..\Run\Data\Definitions\AnimationSetDefinitions.xml">
      <Filter>Data\Definitions</Filter>
    </Xml>
    <Xml Include="..\..\Run\Data\Definitions\AbilitySystemComponentDefinitions.xml">
      <Filter>Data\Definitions</Filter>
    </Xml>
    <Xml Include="..\..\Run\Data\Definitions\GameplayEffectDefinitions.xml">
      <Filter>Data\Definitions</Filter>
    </Xml>
    <Xml Include="..\..\Run\Data\Definitions\GameplayAbilityDefinitions.xml">
      <Filter>Data\Definitions</Filter>
    </Xml>
    <Xml Include="..\..\Run\Data\Definitions\StaticMeshDefinitions.xml">
      <Filter>Data\Definitions</Filter>
    </Xml>
  </ItemGroup>
  <ItemGroup>
    <None Include="..\..\Run\Data\Shaders\BRDFIntegration.hlsl">
      <Filter>Data\Shaders</Filter>
    </None>
    <None Include="..\..\Run\Data\Shaders\Default.hlsl">
      <Filter>Data\Shaders</Filter>
    </None>
    <None Include="..\..\Run\Data\Shaders\EquirectangularToCubemap.hlsl">
      <Filter>Data\Shaders</Filter>
    </None>
    <None Include="..\..\Run\Data\Shaders\IrradianceConvolution.hlsl">
      <Filter>Data\Shaders</Filter>
    </None>
    <None Include="..\..\Run\Data\Shaders\PrefilterEnvironment.hlsl">
      <Filter>Data\Shaders</Filter>
    </None>
    <None Include="..\..\Run\Data\Shaders\ShadowMap.hlsl">
      <Filter>Data\Shaders</Filter>
    </None>
    <None Include="..\..\Run\Data\Shaders\Skybox.hlsl">
      <Filter>Data\Shaders</Filter>
    </None>
    <None Include="..\..\Run\Data\Shaders\ToneMapping.hlsl">
      <Filter>Data\Shaders</Filter>
    </None>
    <None Include="..\..\Run\Data\Shaders\PBRLitStatic.hlsl">
      <Filter>Data\Shaders</Filter>
    </None>
    <None Include="..\..\Run\Data\Shaders\PBRLitSkinned.hlsl">
      <Filter>Data\Shaders</Filter>
    </None>
    <None Include="..\..\Run\Data\Shaders\BrightPass.hlsl">
      <Filter>Data\Shaders</Filter>
    </None>
    <None Include="..\..\Run\Data\Shaders\HorizontalBlurPass.hlsl">
      <Filter>Data\Shaders</Filter>
    </None>
    <None Include="..\..\Run\Data\Shaders\PBR.hlsl">
      <Filter>Data\Shaders</Filter>
    </None>
    <None Include="..\..\Run\Data\Shaders\PBRLit.hlsl">
      <Filter>Data\Shaders</Filter>
    </None>
    <None Include="..\..\Run\Data\Shaders\VerticalBlur.hlsl">
      <Filter>Data\Shaders</Filter>
    </None>
  </ItemGroup>
</Project>